// !$*UTF8*$!
{
	archiveVersion = 1;
	classes = {
	};
	objectVersion = 48;
	objects = {

/* Begin PBXBuildFile section */
		3301DC5B2054CDB200B6283B /* AppDelegate.swift in Sources */ = {isa = PBXBuildFile; fileRef = 3301DC5A2054CDB200B6283B /* AppDelegate.swift */; };
		3301DC5D2054CDB200B6283B /* ViewController.swift in Sources */ = {isa = PBXBuildFile; fileRef = 3301DC5C2054CDB200B6283B /* ViewController.swift */; };
		3301DC602054CDB200B6283B /* Main.storyboard in Resources */ = {isa = PBXBuildFile; fileRef = 3301DC5E2054CDB200B6283B /* Main.storyboard */; };
		3301DC622054CDB200B6283B /* Assets.xcassets in Resources */ = {isa = PBXBuildFile; fileRef = 3301DC612054CDB200B6283B /* Assets.xcassets */; };
		3301DC652054CDB200B6283B /* LaunchScreen.storyboard in Resources */ = {isa = PBXBuildFile; fileRef = 3301DC632054CDB200B6283B /* LaunchScreen.storyboard */; };
		3301DC702054CDB200B6283B /* LotteryStatisticsTests.swift in Sources */ = {isa = PBXBuildFile; fileRef = 3301DC6F2054CDB200B6283B /* LotteryStatisticsTests.swift */; };
		3301DC7B2054CDB200B6283B /* LotteryStatisticsUITests.swift in Sources */ = {isa = PBXBuildFile; fileRef = 3301DC7A2054CDB200B6283B /* LotteryStatisticsUITests.swift */; };
		330A57562054E50200168CE4 /* FirebaseDatabase.swift in Sources */ = {isa = PBXBuildFile; fileRef = 330A57552054E50200168CE4 /* FirebaseDatabase.swift */; };
		330A57592054E6F200168CE4 /* Draw.swift in Sources */ = {isa = PBXBuildFile; fileRef = 330A57582054E6F200168CE4 /* Draw.swift */; };
		330A575C2054E78500168CE4 /* Date.swift in Sources */ = {isa = PBXBuildFile; fileRef = 330A575B2054E78500168CE4 /* Date.swift */; };
		330A57602054EAA200168CE4 /* DrawResult.swift in Sources */ = {isa = PBXBuildFile; fileRef = 330A575F2054EAA200168CE4 /* DrawResult.swift */; };
		330A57622054F09000168CE4 /* String.swift in Sources */ = {isa = PBXBuildFile; fileRef = 330A57612054F09000168CE4 /* String.swift */; };
		330A57652054F9A500168CE4 /* Crawler.swift in Sources */ = {isa = PBXBuildFile; fileRef = 330A57642054F9A500168CE4 /* Crawler.swift */; };
		330A576720555EC700168CE4 /* GoogleService-Info.plist in Resources */ = {isa = PBXBuildFile; fileRef = 330A576620555EC700168CE4 /* GoogleService-Info.plist */; };
		339748082056D5FC00C71D86 /* Crawl.swift in Sources */ = {isa = PBXBuildFile; fileRef = 339748072056D5FC00C71D86 /* Crawl.swift */; };
		33E90CC4205E31510046825E /* DateFormatter.swift in Sources */ = {isa = PBXBuildFile; fileRef = 33E90CC3205E31510046825E /* DateFormatter.swift */; };
		33ED66B52054D7E4005BAED2 /* SourceNetwork.swift in Sources */ = {isa = PBXBuildFile; fileRef = 33ED66B42054D7E4005BAED2 /* SourceNetwork.swift */; };
		33ED66B82054DC39005BAED2 /* HtmlParser.swift in Sources */ = {isa = PBXBuildFile; fileRef = 33ED66B72054DC39005BAED2 /* HtmlParser.swift */; };
		A926E1885BE52901E57897C8 /* Pods_LotteryStatisticsUITests.framework in Frameworks */ = {isa = PBXBuildFile; fileRef = 732B3C751C8CFCAFA5B9530B /* Pods_LotteryStatisticsUITests.framework */; };
		B46F32666D4C4893BAA26C82 /* Pods_LotteryStatistics.framework in Frameworks */ = {isa = PBXBuildFile; fileRef = D56BE7262AC15F95327BE8E6 /* Pods_LotteryStatistics.framework */; };
		BA77E61B945CBF47B4C3F4E5 /* Pods_LotteryStatisticsTests.framework in Frameworks */ = {isa = PBXBuildFile; fileRef = E7E64D8C873D6A73A8FF9958 /* Pods_LotteryStatisticsTests.framework */; };
/* End PBXBuildFile section */

/* Begin PBXContainerItemProxy section */
		3301DC6C2054CDB200B6283B /* PBXContainerItemProxy */ = {
			isa = PBXContainerItemProxy;
			containerPortal = 3301DC4F2054CDB200B6283B /* Project object */;
			proxyType = 1;
			remoteGlobalIDString = 3301DC562054CDB200B6283B;
			remoteInfo = LotteryStatistics;
		};
		3301DC772054CDB200B6283B /* PBXContainerItemProxy */ = {
			isa = PBXContainerItemProxy;
			containerPortal = 3301DC4F2054CDB200B6283B /* Project object */;
			proxyType = 1;
			remoteGlobalIDString = 3301DC562054CDB200B6283B;
			remoteInfo = LotteryStatistics;
		};
/* End PBXContainerItemProxy section */

/* Begin PBXFileReference section */
		0F23D709A982484B5DE703BB /* Pods-LotteryStatistics.debug.xcconfig */ = {isa = PBXFileReference; includeInIndex = 1; lastKnownFileType = text.xcconfig; name = "Pods-LotteryStatistics.debug.xcconfig"; path = "Pods/Target Support Files/Pods-LotteryStatistics/Pods-LotteryStatistics.debug.xcconfig"; sourceTree = "<group>"; };
		3301DC572054CDB200B6283B /* LotteryStatistics.app */ = {isa = PBXFileReference; explicitFileType = wrapper.application; includeInIndex = 0; path = LotteryStatistics.app; sourceTree = BUILT_PRODUCTS_DIR; };
		3301DC5A2054CDB200B6283B /* AppDelegate.swift */ = {isa = PBXFileReference; lastKnownFileType = sourcecode.swift; path = AppDelegate.swift; sourceTree = "<group>"; };
		3301DC5C2054CDB200B6283B /* ViewController.swift */ = {isa = PBXFileReference; lastKnownFileType = sourcecode.swift; path = ViewController.swift; sourceTree = "<group>"; };
		3301DC5F2054CDB200B6283B /* Base */ = {isa = PBXFileReference; lastKnownFileType = file.storyboard; name = Base; path = Base.lproj/Main.storyboard; sourceTree = "<group>"; };
		3301DC612054CDB200B6283B /* Assets.xcassets */ = {isa = PBXFileReference; lastKnownFileType = folder.assetcatalog; path = Assets.xcassets; sourceTree = "<group>"; };
		3301DC642054CDB200B6283B /* Base */ = {isa = PBXFileReference; lastKnownFileType = file.storyboard; name = Base; path = Base.lproj/LaunchScreen.storyboard; sourceTree = "<group>"; };
		3301DC662054CDB200B6283B /* Info.plist */ = {isa = PBXFileReference; lastKnownFileType = text.plist.xml; path = Info.plist; sourceTree = "<group>"; };
		3301DC6B2054CDB200B6283B /* LotteryStatisticsTests.xctest */ = {isa = PBXFileReference; explicitFileType = wrapper.cfbundle; includeInIndex = 0; path = LotteryStatisticsTests.xctest; sourceTree = BUILT_PRODUCTS_DIR; };
		3301DC6F2054CDB200B6283B /* LotteryStatisticsTests.swift */ = {isa = PBXFileReference; lastKnownFileType = sourcecode.swift; path = LotteryStatisticsTests.swift; sourceTree = "<group>"; };
		3301DC712054CDB200B6283B /* Info.plist */ = {isa = PBXFileReference; lastKnownFileType = text.plist.xml; path = Info.plist; sourceTree = "<group>"; };
		3301DC762054CDB200B6283B /* LotteryStatisticsUITests.xctest */ = {isa = PBXFileReference; explicitFileType = wrapper.cfbundle; includeInIndex = 0; path = LotteryStatisticsUITests.xctest; sourceTree = BUILT_PRODUCTS_DIR; };
		3301DC7A2054CDB200B6283B /* LotteryStatisticsUITests.swift */ = {isa = PBXFileReference; lastKnownFileType = sourcecode.swift; path = LotteryStatisticsUITests.swift; sourceTree = "<group>"; };
		3301DC7C2054CDB200B6283B /* Info.plist */ = {isa = PBXFileReference; lastKnownFileType = text.plist.xml; path = Info.plist; sourceTree = "<group>"; };
		330A57552054E50200168CE4 /* FirebaseDatabase.swift */ = {isa = PBXFileReference; lastKnownFileType = sourcecode.swift; path = FirebaseDatabase.swift; sourceTree = "<group>"; };
		330A57582054E6F200168CE4 /* Draw.swift */ = {isa = PBXFileReference; lastKnownFileType = sourcecode.swift; path = Draw.swift; sourceTree = "<group>"; };
		330A575B2054E78500168CE4 /* Date.swift */ = {isa = PBXFileReference; lastKnownFileType = sourcecode.swift; path = Date.swift; sourceTree = "<group>"; };
		330A575F2054EAA200168CE4 /* DrawResult.swift */ = {isa = PBXFileReference; lastKnownFileType = sourcecode.swift; path = DrawResult.swift; sourceTree = "<group>"; };
		330A57612054F09000168CE4 /* String.swift */ = {isa = PBXFileReference; lastKnownFileType = sourcecode.swift; path = String.swift; sourceTree = "<group>"; };
		330A57642054F9A500168CE4 /* Crawler.swift */ = {isa = PBXFileReference; lastKnownFileType = sourcecode.swift; path = Crawler.swift; sourceTree = "<group>"; };
		330A576620555EC700168CE4 /* GoogleService-Info.plist */ = {isa = PBXFileReference; fileEncoding = 4; lastKnownFileType = text.plist.xml; path = "GoogleService-Info.plist"; sourceTree = "<group>"; };
		339748072056D5FC00C71D86 /* Crawl.swift */ = {isa = PBXFileReference; lastKnownFileType = sourcecode.swift; path = Crawl.swift; sourceTree = "<group>"; };
		33E90CC3205E31510046825E /* DateFormatter.swift */ = {isa = PBXFileReference; lastKnownFileType = sourcecode.swift; path = DateFormatter.swift; sourceTree = "<group>"; };
		33ED66B42054D7E4005BAED2 /* SourceNetwork.swift */ = {isa = PBXFileReference; lastKnownFileType = sourcecode.swift; path = SourceNetwork.swift; sourceTree = "<group>"; };
		33ED66B72054DC39005BAED2 /* HtmlParser.swift */ = {isa = PBXFileReference; lastKnownFileType = sourcecode.swift; path = HtmlParser.swift; sourceTree = "<group>"; };
		3E526697F3A26B20449DE0E5 /* Pods-LotteryStatisticsUITests.debug.xcconfig */ = {isa = PBXFileReference; includeInIndex = 1; lastKnownFileType = text.xcconfig; name = "Pods-LotteryStatisticsUITests.debug.xcconfig"; path = "Pods/Target Support Files/Pods-LotteryStatisticsUITests/Pods-LotteryStatisticsUITests.debug.xcconfig"; sourceTree = "<group>"; };
		6AAC457854C362F1C1466B90 /* Pods-LotteryStatisticsUITests.release.xcconfig */ = {isa = PBXFileReference; includeInIndex = 1; lastKnownFileType = text.xcconfig; name = "Pods-LotteryStatisticsUITests.release.xcconfig"; path = "Pods/Target Support Files/Pods-LotteryStatisticsUITests/Pods-LotteryStatisticsUITests.release.xcconfig"; sourceTree = "<group>"; };
		732B3C751C8CFCAFA5B9530B /* Pods_LotteryStatisticsUITests.framework */ = {isa = PBXFileReference; explicitFileType = wrapper.framework; includeInIndex = 0; path = Pods_LotteryStatisticsUITests.framework; sourceTree = BUILT_PRODUCTS_DIR; };
		8FE2147C63033FDBC25357A9 /* Pods-LotteryStatisticsTests.debug.xcconfig */ = {isa = PBXFileReference; includeInIndex = 1; lastKnownFileType = text.xcconfig; name = "Pods-LotteryStatisticsTests.debug.xcconfig"; path = "Pods/Target Support Files/Pods-LotteryStatisticsTests/Pods-LotteryStatisticsTests.debug.xcconfig"; sourceTree = "<group>"; };
		AD1F8AF710FD84A90BBDBF35 /* Pods-LotteryStatistics.release.xcconfig */ = {isa = PBXFileReference; includeInIndex = 1; lastKnownFileType = text.xcconfig; name = "Pods-LotteryStatistics.release.xcconfig"; path = "Pods/Target Support Files/Pods-LotteryStatistics/Pods-LotteryStatistics.release.xcconfig"; sourceTree = "<group>"; };
		D56BE7262AC15F95327BE8E6 /* Pods_LotteryStatistics.framework */ = {isa = PBXFileReference; explicitFileType = wrapper.framework; includeInIndex = 0; path = Pods_LotteryStatistics.framework; sourceTree = BUILT_PRODUCTS_DIR; };
		DAE2415C3876771DD0C5EC70 /* Pods-LotteryStatisticsTests.release.xcconfig */ = {isa = PBXFileReference; includeInIndex = 1; lastKnownFileType = text.xcconfig; name = "Pods-LotteryStatisticsTests.release.xcconfig"; path = "Pods/Target Support Files/Pods-LotteryStatisticsTests/Pods-LotteryStatisticsTests.release.xcconfig"; sourceTree = "<group>"; };
		E7E64D8C873D6A73A8FF9958 /* Pods_LotteryStatisticsTests.framework */ = {isa = PBXFileReference; explicitFileType = wrapper.framework; includeInIndex = 0; path = Pods_LotteryStatisticsTests.framework; sourceTree = BUILT_PRODUCTS_DIR; };
/* End PBXFileReference section */

/* Begin PBXFrameworksBuildPhase section */
		3301DC542054CDB200B6283B /* Frameworks */ = {
			isa = PBXFrameworksBuildPhase;
			buildActionMask = 2147483647;
			files = (
				B46F32666D4C4893BAA26C82 /* Pods_LotteryStatistics.framework in Frameworks */,
			);
			runOnlyForDeploymentPostprocessing = 0;
		};
		3301DC682054CDB200B6283B /* Frameworks */ = {
			isa = PBXFrameworksBuildPhase;
			buildActionMask = 2147483647;
			files = (
				BA77E61B945CBF47B4C3F4E5 /* Pods_LotteryStatisticsTests.framework in Frameworks */,
			);
			runOnlyForDeploymentPostprocessing = 0;
		};
		3301DC732054CDB200B6283B /* Frameworks */ = {
			isa = PBXFrameworksBuildPhase;
			buildActionMask = 2147483647;
			files = (
				A926E1885BE52901E57897C8 /* Pods_LotteryStatisticsUITests.framework in Frameworks */,
			);
			runOnlyForDeploymentPostprocessing = 0;
		};
/* End PBXFrameworksBuildPhase section */

/* Begin PBXGroup section */
		3301DC4E2054CDB200B6283B = {
			isa = PBXGroup;
			children = (
				3301DC592054CDB200B6283B /* LotteryStatistics */,
				3301DC6E2054CDB200B6283B /* LotteryStatisticsTests */,
				3301DC792054CDB200B6283B /* LotteryStatisticsUITests */,
				3301DC582054CDB200B6283B /* Products */,
				8C4A7866D73C690C755CE4EA /* Pods */,
				9A245FD17451D962692EEF81 /* Frameworks */,
			);
			sourceTree = "<group>";
		};
		3301DC582054CDB200B6283B /* Products */ = {
			isa = PBXGroup;
			children = (
				3301DC572054CDB200B6283B /* LotteryStatistics.app */,
				3301DC6B2054CDB200B6283B /* LotteryStatisticsTests.xctest */,
				3301DC762054CDB200B6283B /* LotteryStatisticsUITests.xctest */,
			);
			name = Products;
			sourceTree = "<group>";
		};
		3301DC592054CDB200B6283B /* LotteryStatistics */ = {
			isa = PBXGroup;
			children = (
				33ED66B22054D7A3005BAED2 /* Engine */,
				3301DC5A2054CDB200B6283B /* AppDelegate.swift */,
				3301DC5C2054CDB200B6283B /* ViewController.swift */,
				3301DC5E2054CDB200B6283B /* Main.storyboard */,
				3301DC612054CDB200B6283B /* Assets.xcassets */,
				3301DC632054CDB200B6283B /* LaunchScreen.storyboard */,
				3301DC662054CDB200B6283B /* Info.plist */,
				330A576620555EC700168CE4 /* GoogleService-Info.plist */,
			);
			path = LotteryStatistics;
			sourceTree = "<group>";
		};
		3301DC6E2054CDB200B6283B /* LotteryStatisticsTests */ = {
			isa = PBXGroup;
			children = (
				3301DC6F2054CDB200B6283B /* LotteryStatisticsTests.swift */,
				3301DC712054CDB200B6283B /* Info.plist */,
			);
			path = LotteryStatisticsTests;
			sourceTree = "<group>";
		};
		3301DC792054CDB200B6283B /* LotteryStatisticsUITests */ = {
			isa = PBXGroup;
			children = (
				3301DC7A2054CDB200B6283B /* LotteryStatisticsUITests.swift */,
				3301DC7C2054CDB200B6283B /* Info.plist */,
			);
			path = LotteryStatisticsUITests;
			sourceTree = "<group>";
		};
		330A57542054E49C00168CE4 /* Database */ = {
			isa = PBXGroup;
			children = (
				330A57552054E50200168CE4 /* FirebaseDatabase.swift */,
			);
			path = Database;
			sourceTree = "<group>";
		};
		330A57572054E6B300168CE4 /* Entity */ = {
			isa = PBXGroup;
			children = (
				330A57582054E6F200168CE4 /* Draw.swift */,
				330A575F2054EAA200168CE4 /* DrawResult.swift */,
				339748072056D5FC00C71D86 /* Crawl.swift */,
			);
			path = Entity;
			sourceTree = "<group>";
		};
		330A575A2054E76D00168CE4 /* Category */ = {
			isa = PBXGroup;
			children = (
				330A575B2054E78500168CE4 /* Date.swift */,
				330A57612054F09000168CE4 /* String.swift */,
				33E90CC3205E31510046825E /* DateFormatter.swift */,
			);
			path = Category;
			sourceTree = "<group>";
		};
		330A57632054F98F00168CE4 /* Crawler */ = {
			isa = PBXGroup;
			children = (
				330A57642054F9A500168CE4 /* Crawler.swift */,
			);
			path = Crawler;
			sourceTree = "<group>";
		};
		33ED66B22054D7A3005BAED2 /* Engine */ = {
			isa = PBXGroup;
			children = (
				330A57632054F98F00168CE4 /* Crawler */,
				330A575A2054E76D00168CE4 /* Category */,
				330A57572054E6B300168CE4 /* Entity */,
				330A57542054E49C00168CE4 /* Database */,
				33ED66B62054DC1A005BAED2 /* Parser */,
				33ED66B32054D7AE005BAED2 /* Service */,
			);
			path = Engine;
			sourceTree = "<group>";
		};
		33ED66B32054D7AE005BAED2 /* Service */ = {
			isa = PBXGroup;
			children = (
				33ED66B42054D7E4005BAED2 /* SourceNetwork.swift */,
			);
			path = Service;
			sourceTree = "<group>";
		};
		33ED66B62054DC1A005BAED2 /* Parser */ = {
			isa = PBXGroup;
			children = (
				33ED66B72054DC39005BAED2 /* HtmlParser.swift */,
			);
			path = Parser;
			sourceTree = "<group>";
		};
		8C4A7866D73C690C755CE4EA /* Pods */ = {
			isa = PBXGroup;
			children = (
				0F23D709A982484B5DE703BB /* Pods-LotteryStatistics.debug.xcconfig */,
				AD1F8AF710FD84A90BBDBF35 /* Pods-LotteryStatistics.release.xcconfig */,
				8FE2147C63033FDBC25357A9 /* Pods-LotteryStatisticsTests.debug.xcconfig */,
				DAE2415C3876771DD0C5EC70 /* Pods-LotteryStatisticsTests.release.xcconfig */,
				3E526697F3A26B20449DE0E5 /* Pods-LotteryStatisticsUITests.debug.xcconfig */,
				6AAC457854C362F1C1466B90 /* Pods-LotteryStatisticsUITests.release.xcconfig */,
			);
			name = Pods;
			sourceTree = "<group>";
		};
		9A245FD17451D962692EEF81 /* Frameworks */ = {
			isa = PBXGroup;
			children = (
				D56BE7262AC15F95327BE8E6 /* Pods_LotteryStatistics.framework */,
				E7E64D8C873D6A73A8FF9958 /* Pods_LotteryStatisticsTests.framework */,
				732B3C751C8CFCAFA5B9530B /* Pods_LotteryStatisticsUITests.framework */,
			);
			name = Frameworks;
			sourceTree = "<group>";
		};
/* End PBXGroup section */

/* Begin PBXNativeTarget section */
		3301DC562054CDB200B6283B /* LotteryStatistics */ = {
			isa = PBXNativeTarget;
			buildConfigurationList = 3301DC7F2054CDB200B6283B /* Build configuration list for PBXNativeTarget "LotteryStatistics" */;
			buildPhases = (
				4C0A46C783373830002AABC3 /* [CP] Check Pods Manifest.lock */,
				3301DC532054CDB200B6283B /* Sources */,
				3301DC542054CDB200B6283B /* Frameworks */,
				3301DC552054CDB200B6283B /* Resources */,
				583AB9B4B728E30A51C75B5C /* [CP] Embed Pods Frameworks */,
				885C2771AB8A2084082C589B /* [CP] Copy Pods Resources */,
			);
			buildRules = (
			);
			dependencies = (
			);
			name = LotteryStatistics;
			productName = LotteryStatistics;
			productReference = 3301DC572054CDB200B6283B /* LotteryStatistics.app */;
			productType = "com.apple.product-type.application";
		};
		3301DC6A2054CDB200B6283B /* LotteryStatisticsTests */ = {
			isa = PBXNativeTarget;
			buildConfigurationList = 3301DC822054CDB200B6283B /* Build configuration list for PBXNativeTarget "LotteryStatisticsTests" */;
			buildPhases = (
				D6327A5139C077C55AF88CA1 /* [CP] Check Pods Manifest.lock */,
				3301DC672054CDB200B6283B /* Sources */,
				3301DC682054CDB200B6283B /* Frameworks */,
				3301DC692054CDB200B6283B /* Resources */,
				F924D9FA26EDDB606D3D9300 /* [CP] Embed Pods Frameworks */,
				D8091B5560844006A9A3B68A /* [CP] Copy Pods Resources */,
			);
			buildRules = (
			);
			dependencies = (
				3301DC6D2054CDB200B6283B /* PBXTargetDependency */,
			);
			name = LotteryStatisticsTests;
			productName = LotteryStatisticsTests;
			productReference = 3301DC6B2054CDB200B6283B /* LotteryStatisticsTests.xctest */;
			productType = "com.apple.product-type.bundle.unit-test";
		};
		3301DC752054CDB200B6283B /* LotteryStatisticsUITests */ = {
			isa = PBXNativeTarget;
			buildConfigurationList = 3301DC852054CDB200B6283B /* Build configuration list for PBXNativeTarget "LotteryStatisticsUITests" */;
			buildPhases = (
				9692A6F78453B682070CF357 /* [CP] Check Pods Manifest.lock */,
				3301DC722054CDB200B6283B /* Sources */,
				3301DC732054CDB200B6283B /* Frameworks */,
				3301DC742054CDB200B6283B /* Resources */,
				50359EB281B358D6AD650C94 /* [CP] Embed Pods Frameworks */,
				D2913A854269E141217E1E2F /* [CP] Copy Pods Resources */,
			);
			buildRules = (
			);
			dependencies = (
				3301DC782054CDB200B6283B /* PBXTargetDependency */,
			);
			name = LotteryStatisticsUITests;
			productName = LotteryStatisticsUITests;
			productReference = 3301DC762054CDB200B6283B /* LotteryStatisticsUITests.xctest */;
			productType = "com.apple.product-type.bundle.ui-testing";
		};
/* End PBXNativeTarget section */

/* Begin PBXProject section */
		3301DC4F2054CDB200B6283B /* Project object */ = {
			isa = PBXProject;
			attributes = {
				LastSwiftUpdateCheck = 0920;
				LastUpgradeCheck = 0920;
				ORGANIZATIONNAME = levantAJ;
				TargetAttributes = {
					3301DC562054CDB200B6283B = {
						CreatedOnToolsVersion = 9.2;
						ProvisioningStyle = Automatic;
						SystemCapabilities = {
							com.apple.BackgroundModes = {
								enabled = 1;
							};
						};
					};
					3301DC6A2054CDB200B6283B = {
						CreatedOnToolsVersion = 9.2;
						ProvisioningStyle = Automatic;
						TestTargetID = 3301DC562054CDB200B6283B;
					};
					3301DC752054CDB200B6283B = {
						CreatedOnToolsVersion = 9.2;
						ProvisioningStyle = Automatic;
						TestTargetID = 3301DC562054CDB200B6283B;
					};
				};
			};
			buildConfigurationList = 3301DC522054CDB200B6283B /* Build configuration list for PBXProject "LotteryStatistics" */;
			compatibilityVersion = "Xcode 8.0";
			developmentRegion = en;
			hasScannedForEncodings = 0;
			knownRegions = (
				en,
				Base,
			);
			mainGroup = 3301DC4E2054CDB200B6283B;
			productRefGroup = 3301DC582054CDB200B6283B /* Products */;
			projectDirPath = "";
			projectRoot = "";
			targets = (
				3301DC562054CDB200B6283B /* LotteryStatistics */,
				3301DC6A2054CDB200B6283B /* LotteryStatisticsTests */,
				3301DC752054CDB200B6283B /* LotteryStatisticsUITests */,
			);
		};
/* End PBXProject section */

/* Begin PBXResourcesBuildPhase section */
		3301DC552054CDB200B6283B /* Resources */ = {
			isa = PBXResourcesBuildPhase;
			buildActionMask = 2147483647;
			files = (
				3301DC652054CDB200B6283B /* LaunchScreen.storyboard in Resources */,
				330A576720555EC700168CE4 /* GoogleService-Info.plist in Resources */,
				3301DC622054CDB200B6283B /* Assets.xcassets in Resources */,
				3301DC602054CDB200B6283B /* Main.storyboard in Resources */,
			);
			runOnlyForDeploymentPostprocessing = 0;
		};
		3301DC692054CDB200B6283B /* Resources */ = {
			isa = PBXResourcesBuildPhase;
			buildActionMask = 2147483647;
			files = (
			);
			runOnlyForDeploymentPostprocessing = 0;
		};
		3301DC742054CDB200B6283B /* Resources */ = {
			isa = PBXResourcesBuildPhase;
			buildActionMask = 2147483647;
			files = (
			);
			runOnlyForDeploymentPostprocessing = 0;
		};
/* End PBXResourcesBuildPhase section */

/* Begin PBXShellScriptBuildPhase section */
		4C0A46C783373830002AABC3 /* [CP] Check Pods Manifest.lock */ = {
			isa = PBXShellScriptBuildPhase;
			buildActionMask = 2147483647;
			files = (
			);
			inputPaths = (
				"${PODS_PODFILE_DIR_PATH}/Podfile.lock",
				"${PODS_ROOT}/Manifest.lock",
			);
			name = "[CP] Check Pods Manifest.lock";
			outputPaths = (
				"$(DERIVED_FILE_DIR)/Pods-LotteryStatistics-checkManifestLockResult.txt",
			);
			runOnlyForDeploymentPostprocessing = 0;
			shellPath = /bin/sh;
			shellScript = "diff \"${PODS_PODFILE_DIR_PATH}/Podfile.lock\" \"${PODS_ROOT}/Manifest.lock\" > /dev/null\nif [ $? != 0 ] ; then\n    # print error to STDERR\n    echo \"error: The sandbox is not in sync with the Podfile.lock. Run 'pod install' or update your CocoaPods installation.\" >&2\n    exit 1\nfi\n# This output is used by Xcode 'outputs' to avoid re-running this script phase.\necho \"SUCCESS\" > \"${SCRIPT_OUTPUT_FILE_0}\"\n";
			showEnvVarsInLog = 0;
		};
		50359EB281B358D6AD650C94 /* [CP] Embed Pods Frameworks */ = {
			isa = PBXShellScriptBuildPhase;
			buildActionMask = 2147483647;
			files = (
			);
			inputPaths = (
			);
			name = "[CP] Embed Pods Frameworks";
			outputPaths = (
			);
			runOnlyForDeploymentPostprocessing = 0;
			shellPath = /bin/sh;
			shellScript = "\"${SRCROOT}/Pods/Target Support Files/Pods-LotteryStatisticsUITests/Pods-LotteryStatisticsUITests-frameworks.sh\"\n";
			showEnvVarsInLog = 0;
		};
		583AB9B4B728E30A51C75B5C /* [CP] Embed Pods Frameworks */ = {
			isa = PBXShellScriptBuildPhase;
			buildActionMask = 2147483647;
			files = (
			);
			inputPaths = (
				"${SRCROOT}/Pods/Target Support Files/Pods-LotteryStatistics/Pods-LotteryStatistics-frameworks.sh",
				"${BUILT_PRODUCTS_DIR}/Fuzi/Fuzi.framework",
				"${BUILT_PRODUCTS_DIR}/GTMSessionFetcher/GTMSessionFetcher.framework",
				"${BUILT_PRODUCTS_DIR}/GoogleToolboxForMac/GoogleToolboxForMac.framework",
				"${BUILT_PRODUCTS_DIR}/Protobuf/Protobuf.framework",
				"${BUILT_PRODUCTS_DIR}/leveldb-library/leveldb.framework",
				"${BUILT_PRODUCTS_DIR}/nanopb/nanopb.framework",
			);
			name = "[CP] Embed Pods Frameworks";
			outputPaths = (
				"${TARGET_BUILD_DIR}/${FRAMEWORKS_FOLDER_PATH}/Fuzi.framework",
				"${TARGET_BUILD_DIR}/${FRAMEWORKS_FOLDER_PATH}/GTMSessionFetcher.framework",
				"${TARGET_BUILD_DIR}/${FRAMEWORKS_FOLDER_PATH}/GoogleToolboxForMac.framework",
				"${TARGET_BUILD_DIR}/${FRAMEWORKS_FOLDER_PATH}/Protobuf.framework",
				"${TARGET_BUILD_DIR}/${FRAMEWORKS_FOLDER_PATH}/leveldb.framework",
				"${TARGET_BUILD_DIR}/${FRAMEWORKS_FOLDER_PATH}/nanopb.framework",
			);
			runOnlyForDeploymentPostprocessing = 0;
			shellPath = /bin/sh;
			shellScript = "\"${SRCROOT}/Pods/Target Support Files/Pods-LotteryStatistics/Pods-LotteryStatistics-frameworks.sh\"\n";
			showEnvVarsInLog = 0;
		};
		885C2771AB8A2084082C589B /* [CP] Copy Pods Resources */ = {
			isa = PBXShellScriptBuildPhase;
			buildActionMask = 2147483647;
			files = (
			);
			inputPaths = (
			);
			name = "[CP] Copy Pods Resources";
			outputPaths = (
			);
			runOnlyForDeploymentPostprocessing = 0;
			shellPath = /bin/sh;
			shellScript = "\"${SRCROOT}/Pods/Target Support Files/Pods-LotteryStatistics/Pods-LotteryStatistics-resources.sh\"\n";
			showEnvVarsInLog = 0;
		};
		9692A6F78453B682070CF357 /* [CP] Check Pods Manifest.lock */ = {
			isa = PBXShellScriptBuildPhase;
			buildActionMask = 2147483647;
			files = (
			);
			inputPaths = (
				"${PODS_PODFILE_DIR_PATH}/Podfile.lock",
				"${PODS_ROOT}/Manifest.lock",
			);
			name = "[CP] Check Pods Manifest.lock";
			outputPaths = (
				"$(DERIVED_FILE_DIR)/Pods-LotteryStatisticsUITests-checkManifestLockResult.txt",
			);
			runOnlyForDeploymentPostprocessing = 0;
			shellPath = /bin/sh;
			shellScript = "diff \"${PODS_PODFILE_DIR_PATH}/Podfile.lock\" \"${PODS_ROOT}/Manifest.lock\" > /dev/null\nif [ $? != 0 ] ; then\n    # print error to STDERR\n    echo \"error: The sandbox is not in sync with the Podfile.lock. Run 'pod install' or update your CocoaPods installation.\" >&2\n    exit 1\nfi\n# This output is used by Xcode 'outputs' to avoid re-running this script phase.\necho \"SUCCESS\" > \"${SCRIPT_OUTPUT_FILE_0}\"\n";
			showEnvVarsInLog = 0;
		};
		D2913A854269E141217E1E2F /* [CP] Copy Pods Resources */ = {
			isa = PBXShellScriptBuildPhase;
			buildActionMask = 2147483647;
			files = (
			);
			inputPaths = (
			);
			name = "[CP] Copy Pods Resources";
			outputPaths = (
			);
			runOnlyForDeploymentPostprocessing = 0;
			shellPath = /bin/sh;
			shellScript = "\"${SRCROOT}/Pods/Target Support Files/Pods-LotteryStatisticsUITests/Pods-LotteryStatisticsUITests-resources.sh\"\n";
			showEnvVarsInLog = 0;
		};
		D6327A5139C077C55AF88CA1 /* [CP] Check Pods Manifest.lock */ = {
			isa = PBXShellScriptBuildPhase;
			buildActionMask = 2147483647;
			files = (
			);
			inputPaths = (
				"${PODS_PODFILE_DIR_PATH}/Podfile.lock",
				"${PODS_ROOT}/Manifest.lock",
			);
			name = "[CP] Check Pods Manifest.lock";
			outputPaths = (
				"$(DERIVED_FILE_DIR)/Pods-LotteryStatisticsTests-checkManifestLockResult.txt",
			);
			runOnlyForDeploymentPostprocessing = 0;
			shellPath = /bin/sh;
			shellScript = "diff \"${PODS_PODFILE_DIR_PATH}/Podfile.lock\" \"${PODS_ROOT}/Manifest.lock\" > /dev/null\nif [ $? != 0 ] ; then\n    # print error to STDERR\n    echo \"error: The sandbox is not in sync with the Podfile.lock. Run 'pod install' or update your CocoaPods installation.\" >&2\n    exit 1\nfi\n# This output is used by Xcode 'outputs' to avoid re-running this script phase.\necho \"SUCCESS\" > \"${SCRIPT_OUTPUT_FILE_0}\"\n";
			showEnvVarsInLog = 0;
		};
		D8091B5560844006A9A3B68A /* [CP] Copy Pods Resources */ = {
			isa = PBXShellScriptBuildPhase;
			buildActionMask = 2147483647;
			files = (
			);
			inputPaths = (
			);
			name = "[CP] Copy Pods Resources";
			outputPaths = (
			);
			runOnlyForDeploymentPostprocessing = 0;
			shellPath = /bin/sh;
			shellScript = "\"${SRCROOT}/Pods/Target Support Files/Pods-LotteryStatisticsTests/Pods-LotteryStatisticsTests-resources.sh\"\n";
			showEnvVarsInLog = 0;
		};
		F924D9FA26EDDB606D3D9300 /* [CP] Embed Pods Frameworks */ = {
			isa = PBXShellScriptBuildPhase;
			buildActionMask = 2147483647;
			files = (
			);
			inputPaths = (
			);
			name = "[CP] Embed Pods Frameworks";
			outputPaths = (
			);
			runOnlyForDeploymentPostprocessing = 0;
			shellPath = /bin/sh;
			shellScript = "\"${SRCROOT}/Pods/Target Support Files/Pods-LotteryStatisticsTests/Pods-LotteryStatisticsTests-frameworks.sh\"\n";
			showEnvVarsInLog = 0;
		};
/* End PBXShellScriptBuildPhase section */

/* Begin PBXSourcesBuildPhase section */
		3301DC532054CDB200B6283B /* Sources */ = {
			isa = PBXSourcesBuildPhase;
			buildActionMask = 2147483647;
			files = (
				33E90CC4205E31510046825E /* DateFormatter.swift in Sources */,
				330A57652054F9A500168CE4 /* Crawler.swift in Sources */,
				330A57602054EAA200168CE4 /* DrawResult.swift in Sources */,
				330A57562054E50200168CE4 /* FirebaseDatabase.swift in Sources */,
				3301DC5D2054CDB200B6283B /* ViewController.swift in Sources */,
				339748082056D5FC00C71D86 /* Crawl.swift in Sources */,
				330A57622054F09000168CE4 /* String.swift in Sources */,
				330A575C2054E78500168CE4 /* Date.swift in Sources */,
				33ED66B82054DC39005BAED2 /* HtmlParser.swift in Sources */,
				330A57592054E6F200168CE4 /* Draw.swift in Sources */,
				33ED66B52054D7E4005BAED2 /* SourceNetwork.swift in Sources */,
				3301DC5B2054CDB200B6283B /* AppDelegate.swift in Sources */,
			);
			runOnlyForDeploymentPostprocessing = 0;
		};
		3301DC672054CDB200B6283B /* Sources */ = {
			isa = PBXSourcesBuildPhase;
			buildActionMask = 2147483647;
			files = (
				3301DC702054CDB200B6283B /* LotteryStatisticsTests.swift in Sources */,
			);
			runOnlyForDeploymentPostprocessing = 0;
		};
		3301DC722054CDB200B6283B /* Sources */ = {
			isa = PBXSourcesBuildPhase;
			buildActionMask = 2147483647;
			files = (
				3301DC7B2054CDB200B6283B /* LotteryStatisticsUITests.swift in Sources */,
			);
			runOnlyForDeploymentPostprocessing = 0;
		};
/* End PBXSourcesBuildPhase section */

/* Begin PBXTargetDependency section */
		3301DC6D2054CDB200B6283B /* PBXTargetDependency */ = {
			isa = PBXTargetDependency;
			target = 3301DC562054CDB200B6283B /* LotteryStatistics */;
			targetProxy = 3301DC6C2054CDB200B6283B /* PBXContainerItemProxy */;
		};
		3301DC782054CDB200B6283B /* PBXTargetDependency */ = {
			isa = PBXTargetDependency;
			target = 3301DC562054CDB200B6283B /* LotteryStatistics */;
			targetProxy = 3301DC772054CDB200B6283B /* PBXContainerItemProxy */;
		};
/* End PBXTargetDependency section */

/* Begin PBXVariantGroup section */
		3301DC5E2054CDB200B6283B /* Main.storyboard */ = {
			isa = PBXVariantGroup;
			children = (
				3301DC5F2054CDB200B6283B /* Base */,
			);
			name = Main.storyboard;
			sourceTree = "<group>";
		};
		3301DC632054CDB200B6283B /* LaunchScreen.storyboard */ = {
			isa = PBXVariantGroup;
			children = (
				3301DC642054CDB200B6283B /* Base */,
			);
			name = LaunchScreen.storyboard;
			sourceTree = "<group>";
		};
/* End PBXVariantGroup section */

/* Begin XCBuildConfiguration section */
		3301DC7D2054CDB200B6283B /* Debug */ = {
			isa = XCBuildConfiguration;
			buildSettings = {
				ALWAYS_SEARCH_USER_PATHS = NO;
				CLANG_ANALYZER_NONNULL = YES;
				CLANG_ANALYZER_NUMBER_OBJECT_CONVERSION = YES_AGGRESSIVE;
				CLANG_CXX_LANGUAGE_STANDARD = "gnu++14";
				CLANG_CXX_LIBRARY = "libc++";
				CLANG_ENABLE_MODULES = YES;
				CLANG_ENABLE_OBJC_ARC = YES;
				CLANG_WARN_BLOCK_CAPTURE_AUTORELEASING = YES;
				CLANG_WARN_BOOL_CONVERSION = YES;
				CLANG_WARN_COMMA = YES;
				CLANG_WARN_CONSTANT_CONVERSION = YES;
				CLANG_WARN_DIRECT_OBJC_ISA_USAGE = YES_ERROR;
				CLANG_WARN_DOCUMENTATION_COMMENTS = YES;
				CLANG_WARN_EMPTY_BODY = YES;
				CLANG_WARN_ENUM_CONVERSION = YES;
				CLANG_WARN_INFINITE_RECURSION = YES;
				CLANG_WARN_INT_CONVERSION = YES;
				CLANG_WARN_NON_LITERAL_NULL_CONVERSION = YES;
				CLANG_WARN_OBJC_LITERAL_CONVERSION = YES;
				CLANG_WARN_OBJC_ROOT_CLASS = YES_ERROR;
				CLANG_WARN_RANGE_LOOP_ANALYSIS = YES;
				CLANG_WARN_STRICT_PROTOTYPES = YES;
				CLANG_WARN_SUSPICIOUS_MOVE = YES;
				CLANG_WARN_UNGUARDED_AVAILABILITY = YES_AGGRESSIVE;
				CLANG_WARN_UNREACHABLE_CODE = YES;
				CLANG_WARN__DUPLICATE_METHOD_MATCH = YES;
				CODE_SIGN_IDENTITY = "iPhone Developer";
				COPY_PHASE_STRIP = NO;
				DEBUG_INFORMATION_FORMAT = dwarf;
				ENABLE_STRICT_OBJC_MSGSEND = YES;
				ENABLE_TESTABILITY = YES;
				GCC_C_LANGUAGE_STANDARD = gnu11;
				GCC_DYNAMIC_NO_PIC = NO;
				GCC_NO_COMMON_BLOCKS = YES;
				GCC_OPTIMIZATION_LEVEL = 0;
				GCC_PREPROCESSOR_DEFINITIONS = (
					"DEBUG=1",
					"$(inherited)",
				);
				GCC_WARN_64_TO_32_BIT_CONVERSION = YES;
				GCC_WARN_ABOUT_RETURN_TYPE = YES_ERROR;
				GCC_WARN_UNDECLARED_SELECTOR = YES;
				GCC_WARN_UNINITIALIZED_AUTOS = YES_AGGRESSIVE;
				GCC_WARN_UNUSED_FUNCTION = YES;
				GCC_WARN_UNUSED_VARIABLE = YES;
				IPHONEOS_DEPLOYMENT_TARGET = 11.2;
				MTL_ENABLE_DEBUG_INFO = YES;
				ONLY_ACTIVE_ARCH = YES;
				SDKROOT = iphoneos;
				SWIFT_ACTIVE_COMPILATION_CONDITIONS = DEBUG;
				SWIFT_OPTIMIZATION_LEVEL = "-Onone";
			};
			name = Debug;
		};
		3301DC7E2054CDB200B6283B /* Release */ = {
			isa = XCBuildConfiguration;
			buildSettings = {
				ALWAYS_SEARCH_USER_PATHS = NO;
				CLANG_ANALYZER_NONNULL = YES;
				CLANG_ANALYZER_NUMBER_OBJECT_CONVERSION = YES_AGGRESSIVE;
				CLANG_CXX_LANGUAGE_STANDARD = "gnu++14";
				CLANG_CXX_LIBRARY = "libc++";
				CLANG_ENABLE_MODULES = YES;
				CLANG_ENABLE_OBJC_ARC = YES;
				CLANG_WARN_BLOCK_CAPTURE_AUTORELEASING = YES;
				CLANG_WARN_BOOL_CONVERSION = YES;
				CLANG_WARN_COMMA = YES;
				CLANG_WARN_CONSTANT_CONVERSION = YES;
				CLANG_WARN_DIRECT_OBJC_ISA_USAGE = YES_ERROR;
				CLANG_WARN_DOCUMENTATION_COMMENTS = YES;
				CLANG_WARN_EMPTY_BODY = YES;
				CLANG_WARN_ENUM_CONVERSION = YES;
				CLANG_WARN_INFINITE_RECURSION = YES;
				CLANG_WARN_INT_CONVERSION = YES;
				CLANG_WARN_NON_LITERAL_NULL_CONVERSION = YES;
				CLANG_WARN_OBJC_LITERAL_CONVERSION = YES;
				CLANG_WARN_OBJC_ROOT_CLASS = YES_ERROR;
				CLANG_WARN_RANGE_LOOP_ANALYSIS = YES;
				CLANG_WARN_STRICT_PROTOTYPES = YES;
				CLANG_WARN_SUSPICIOUS_MOVE = YES;
				CLANG_WARN_UNGUARDED_AVAILABILITY = YES_AGGRESSIVE;
				CLANG_WARN_UNREACHABLE_CODE = YES;
				CLANG_WARN__DUPLICATE_METHOD_MATCH = YES;
				CODE_SIGN_IDENTITY = "iPhone Developer";
				COPY_PHASE_STRIP = NO;
				DEBUG_INFORMATION_FORMAT = "dwarf-with-dsym";
				ENABLE_NS_ASSERTIONS = NO;
				ENABLE_STRICT_OBJC_MSGSEND = YES;
				GCC_C_LANGUAGE_STANDARD = gnu11;
				GCC_NO_COMMON_BLOCKS = YES;
				GCC_WARN_64_TO_32_BIT_CONVERSION = YES;
				GCC_WARN_ABOUT_RETURN_TYPE = YES_ERROR;
				GCC_WARN_UNDECLARED_SELECTOR = YES;
				GCC_WARN_UNINITIALIZED_AUTOS = YES_AGGRESSIVE;
				GCC_WARN_UNUSED_FUNCTION = YES;
				GCC_WARN_UNUSED_VARIABLE = YES;
				IPHONEOS_DEPLOYMENT_TARGET = 11.2;
				MTL_ENABLE_DEBUG_INFO = NO;
				SDKROOT = iphoneos;
				SWIFT_OPTIMIZATION_LEVEL = "-Owholemodule";
				VALIDATE_PRODUCT = YES;
			};
			name = Release;
		};
		3301DC802054CDB200B6283B /* Debug */ = {
			isa = XCBuildConfiguration;
			baseConfigurationReference = 0F23D709A982484B5DE703BB /* Pods-LotteryStatistics.debug.xcconfig */;
			buildSettings = {
				ASSETCATALOG_COMPILER_APPICON_NAME = AppIcon;
				CODE_SIGN_STYLE = Automatic;
				DEVELOPMENT_TEAM = DFJYL5D7C7;
				INFOPLIST_FILE = LotteryStatistics/Info.plist;
				LD_RUNPATH_SEARCH_PATHS = "$(inherited) @executable_path/Frameworks";
				PRODUCT_BUNDLE_IDENTIFIER = "com.levantAJ.lottery-statistics";
				PRODUCT_NAME = "$(TARGET_NAME)";
				SWIFT_VERSION = 4.0;
				TARGETED_DEVICE_FAMILY = "1,2";
			};
			name = Debug;
		};
		3301DC812054CDB200B6283B /* Release */ = {
			isa = XCBuildConfiguration;
			baseConfigurationReference = AD1F8AF710FD84A90BBDBF35 /* Pods-LotteryStatistics.release.xcconfig */;
			buildSettings = {
				ASSETCATALOG_COMPILER_APPICON_NAME = AppIcon;
				CODE_SIGN_STYLE = Automatic;
				DEVELOPMENT_TEAM = DFJYL5D7C7;
				INFOPLIST_FILE = LotteryStatistics/Info.plist;
				LD_RUNPATH_SEARCH_PATHS = "$(inherited) @executable_path/Frameworks";
				PRODUCT_BUNDLE_IDENTIFIER = "com.levantAJ.lottery-statistics";
				PRODUCT_NAME = "$(TARGET_NAME)";
				SWIFT_VERSION = 4.0;
				TARGETED_DEVICE_FAMILY = "1,2";
			};
			name = Release;
		};
		3301DC832054CDB200B6283B /* Debug */ = {
			isa = XCBuildConfiguration;
			baseConfigurationReference = 8FE2147C63033FDBC25357A9 /* Pods-LotteryStatisticsTests.debug.xcconfig */;
			buildSettings = {
				ALWAYS_EMBED_SWIFT_STANDARD_LIBRARIES = YES;
				BUNDLE_LOADER = "$(TEST_HOST)";
				CODE_SIGN_STYLE = Automatic;
				DEVELOPMENT_TEAM = HT8XU9S2L9;
				INFOPLIST_FILE = LotteryStatisticsTests/Info.plist;
				LD_RUNPATH_SEARCH_PATHS = "$(inherited) @executable_path/Frameworks @loader_path/Frameworks";
				PRODUCT_BUNDLE_IDENTIFIER = com.levantAJ.LotteryStatisticsTests;
				PRODUCT_NAME = "$(TARGET_NAME)";
				SWIFT_VERSION = 4.0;
				TARGETED_DEVICE_FAMILY = "1,2";
				TEST_HOST = "$(BUILT_PRODUCTS_DIR)/LotteryStatistics.app/LotteryStatistics";
			};
			name = Debug;
		};
		3301DC842054CDB200B6283B /* Release */ = {
			isa = XCBuildConfiguration;
			baseConfigurationReference = DAE2415C3876771DD0C5EC70 /* Pods-LotteryStatisticsTests.release.xcconfig */;
			buildSettings = {
				ALWAYS_EMBED_SWIFT_STANDARD_LIBRARIES = YES;
				BUNDLE_LOADER = "$(TEST_HOST)";
				CODE_SIGN_STYLE = Automatic;
				DEVELOPMENT_TEAM = HT8XU9S2L9;
				INFOPLIST_FILE = LotteryStatisticsTests/Info.plist;
				LD_RUNPATH_SEARCH_PATHS = "$(inherited) @executable_path/Frameworks @loader_path/Frameworks";
				PRODUCT_BUNDLE_IDENTIFIER = com.levantAJ.LotteryStatisticsTests;
				PRODUCT_NAME = "$(TARGET_NAME)";
				SWIFT_VERSION = 4.0;
				TARGETED_DEVICE_FAMILY = "1,2";
				TEST_HOST = "$(BUILT_PRODUCTS_DIR)/LotteryStatistics.app/LotteryStatistics";
			};
			name = Release;
		};
		3301DC862054CDB200B6283B /* Debug */ = {
			isa = XCBuildConfiguration;
			baseConfigurationReference = 3E526697F3A26B20449DE0E5 /* Pods-LotteryStatisticsUITests.debug.xcconfig */;
			buildSettings = {
				ALWAYS_EMBED_SWIFT_STANDARD_LIBRARIES = YES;
				CODE_SIGN_STYLE = Automatic;
				DEVELOPMENT_TEAM = HT8XU9S2L9;
				INFOPLIST_FILE = LotteryStatisticsUITests/Info.plist;
				LD_RUNPATH_SEARCH_PATHS = "$(inherited) @executable_path/Frameworks @loader_path/Frameworks";
				PRODUCT_BUNDLE_IDENTIFIER = com.levantAJ.LotteryStatisticsUITests;
				PRODUCT_NAME = "$(TARGET_NAME)";
				SWIFT_VERSION = 4.0;
				TARGETED_DEVICE_FAMILY = "1,2";
				TEST_TARGET_NAME = LotteryStatistics;
			};
			name = Debug;
		};
		3301DC872054CDB200B6283B /* Release */ = {
			isa = XCBuildConfiguration;
			baseConfigurationReference = 6AAC457854C362F1C1466B90 /* Pods-LotteryStatisticsUITests.release.xcconfig */;
			buildSettings = {
				ALWAYS_EMBED_SWIFT_STANDARD_LIBRARIES = YES;
				CODE_SIGN_STYLE = Automatic;
				DEVELOPMENT_TEAM = HT8XU9S2L9;
				INFOPLIST_FILE = LotteryStatisticsUITests/Info.plist;
				LD_RUNPATH_SEARCH_PATHS = "$(inherited) @executable_path/Frameworks @loader_path/Frameworks";
				PRODUCT_BUNDLE_IDENTIFIER = com.levantAJ.LotteryStatisticsUITests;
				PRODUCT_NAME = "$(TARGET_NAME)";
				SWIFT_VERSION = 4.0;
				TARGETED_DEVICE_FAMILY = "1,2";
				TEST_TARGET_NAME = LotteryStatistics;
			};
			name = Release;
		};
/* End XCBuildConfiguration section */

/* Begin XCConfigurationList section */
		3301DC522054CDB200B6283B /* Build configuration list for PBXProject "LotteryStatistics" */ = {
			isa = XCConfigurationList;
			buildConfigurations = (
				3301DC7D2054CDB200B6283B /* Debug */,
				3301DC7E2054CDB200B6283B /* Release */,
			);
			defaultConfigurationIsVisible = 0;
			defaultConfigurationName = Release;
		};
		3301DC7F2054CDB200B6283B /* Build configuration list for PBXNativeTarget "LotteryStatistics" */ = {
			isa = XCConfigurationList;
			buildConfigurations = (
				3301DC802054CDB200B6283B /* Debug */,
				3301DC812054CDB200B6283B /* Release */,
			);
			defaultConfigurationIsVisible = 0;
			defaultConfigurationName = Release;
		};
		3301DC822054CDB200B6283B /* Build configuration list for PBXNativeTarget "LotteryStatisticsTests" */ = {
			isa = XCConfigurationList;
			buildConfigurations = (
				3301DC832054CDB200B6283B /* Debug */,
				3301DC842054CDB200B6283B /* Release */,
			);
			defaultConfigurationIsVisible = 0;
			defaultConfigurationName = Release;
		};
		3301DC852054CDB200B6283B /* Build configuration list for PBXNativeTarget "LotteryStatisticsUITests" */ = {
			isa = XCConfigurationList;
			buildConfigurations = (
				3301DC862054CDB200B6283B /* Debug */,
				3301DC872054CDB200B6283B /* Release */,
			);
			defaultConfigurationIsVisible = 0;
			defaultConfigurationName = Release;
		};
/* End XCConfigurationList section */
	};
	rootObject = 3301DC4F2054CDB200B6283B /* Project object */;
}
